
Microsoft Visual Studio Solution File, Format Version 12.00
# Visual Studio Version 17
VisualStudioVersion = 17.12.35521.163
MinimumVisualStudioVersion = 10.0.40219.1
Project("{FAE04EC0-301F-11D3-BF4B-00C04F79EFBC}") = "CodeNightTrabcelona.API", "CodeNightTrabcelona\CodeNightTrabcelona.API.csproj", "{611300FE-6D0F-456C-9021-CD7C2A28A3A4}"
EndProject
Project("{FAE04EC0-301F-11D3-BF4B-00C04F79EFBC}") = "CodeNightTrabcelona.BusinessLayer", "CodeNightTrabcelona.BusinessLayer\CodeNightTrabcelona.BusinessLayer.csproj", "{2DDDDFF7-B987-4A3B-B93C-0966BEDFF477}"
EndProject
Project("{FAE04EC0-301F-11D3-BF4B-00C04F79EFBC}") = "CodeNightTrabcelona.DAL", "CodeNightTrabcelona.DAL\CodeNightTrabcelona.DAL.csproj", "{F723CD28-33B3-4AE4-8EF6-4A3F4C77212C}"
EndProject
Project("{FAE04EC0-301F-11D3-BF4B-00C04F79EFBC}") = "CodeNightTrabcelona.EntityLayer", "CodeNightTrabcelona.EntityLayer\CodeNightTrabcelona.EntityLayer.csproj", "{81B3B5A6-85E2-4A9F-9287-71DFD7FF5091}"
EndProject
Global
	GlobalSection(SolutionProperties) = preSolution
		HideSolutionNode = FALSE
	EndGlobalSection
	GlobalSection(SolutionConfigurationPlatforms) = preSolution
		Debug|Any CPU = Debug|Any CPU
		Debug|x64 = Debug|x64
		Debug|x86 = Debug|x86
		Release|Any CPU = Release|Any CPU
		Release|x64 = Release|x64
		Release|x86 = Release|x86
	EndGlobalSection
	GlobalSection(ProjectConfigurationPlatforms) = postSolution
		{611300FE-6D0F-456C-9021-CD7C2A28A3A4}.Debug|Any CPU.ActiveCfg = Debug|Any CPU
		{611300FE-6D0F-456C-9021-CD7C2A28A3A4}.Debug|Any CPU.Build.0 = Debug|Any CPU
		{611300FE-6D0F-456C-9021-CD7C2A28A3A4}.Release|Any CPU.ActiveCfg = Release|Any CPU
		{611300FE-6D0F-456C-9021-CD7C2A28A3A4}.Release|Any CPU.Build.0 = Release|Any CPU
		{2DDDDFF7-B987-4A3B-B93C-0966BEDFF477}.Debug|Any CPU.ActiveCfg = Debug|Any CPU
		{2DDDDFF7-B987-4A3B-B93C-0966BEDFF477}.Debug|Any CPU.Build.0 = Debug|Any CPU
		{2DDDDFF7-B987-4A3B-B93C-0966BEDFF477}.Release|Any CPU.ActiveCfg = Release|Any CPU
		{2DDDDFF7-B987-4A3B-B93C-0966BEDFF477}.Release|Any CPU.Build.0 = Release|Any CPU
		{F723CD28-33B3-4AE4-8EF6-4A3F4C77212C}.Debug|Any CPU.ActiveCfg = Debug|Any CPU
		{F723CD28-33B3-4AE4-8EF6-4A3F4C77212C}.Debug|Any CPU.Build.0 = Debug|Any CPU
		{F723CD28-33B3-4AE4-8EF6-4A3F4C77212C}.Release|Any CPU.ActiveCfg = Release|Any CPU
		{F723CD28-33B3-4AE4-8EF6-4A3F4C77212C}.Release|Any CPU.Build.0 = Release|Any CPU
		{81B3B5A6-85E2-4A9F-9287-71DFD7FF5091}.Debug|Any CPU.ActiveCfg = Debug|Any CPU
		{81B3B5A6-85E2-4A9F-9287-71DFD7FF5091}.Debug|Any CPU.Build.0 = Debug|Any CPU
		{81B3B5A6-85E2-4A9F-9287-71DFD7FF5091}.Release|Any CPU.ActiveCfg = Release|Any CPU
		{81B3B5A6-85E2-4A9F-9287-71DFD7FF5091}.Release|Any CPU.Build.0 = Release|Any CPU
	EndGlobalSection
	GlobalSection(SolutionProperties) = preSolution
		HideSolutionNode = FALSE
	EndGlobalSection
EndGlobal
